// !$*UTF8*$!
{
	archiveVersion = 1;
	classes = {
	};
	objectVersion = 55;
	objects = {

/* Begin PBXBuildFile section */
		3C1D707727B7087900F7F463 /* AppCoordinatorTests.swift in Sources */ = {isa = PBXBuildFile; fileRef = 3C1D707627B7087900F7F463 /* AppCoordinatorTests.swift */; };
		3C1D707927B70F4C00F7F463 /* ContainerCoordinatorTests.swift in Sources */ = {isa = PBXBuildFile; fileRef = 3C1D707827B70F4C00F7F463 /* ContainerCoordinatorTests.swift */; };
		3C2B3FEA27BC740C00B50E9B /* RightDetailCell.swift in Sources */ = {isa = PBXBuildFile; fileRef = 3C2B3FE927BC740C00B50E9B /* RightDetailCell.swift */; };
		3C2B3FEC27BC784100B50E9B /* RightDetailCellViewModel.swift in Sources */ = {isa = PBXBuildFile; fileRef = 3C2B3FEB27BC784100B50E9B /* RightDetailCellViewModel.swift */; };
		3C2B41C427B206DD0064F0E4 /* ContainerFactory.swift in Sources */ = {isa = PBXBuildFile; fileRef = 3C2B41C327B206DD0064F0E4 /* ContainerFactory.swift */; };
		3C2B41C827B2104A0064F0E4 /* Empty.xib in Resources */ = {isa = PBXBuildFile; fileRef = 3C2B41C727B2104A0064F0E4 /* Empty.xib */; };
		3C38C1FE27C85C970047CD05 /* Repeat.strings in Resources */ = {isa = PBXBuildFile; fileRef = 3C38C1FD27C85C970047CD05 /* Repeat.strings */; };
		3C38C20127C868B10047CD05 /* GetAlarmsUseCase.swift in Sources */ = {isa = PBXBuildFile; fileRef = 3C38C20027C868B10047CD05 /* GetAlarmsUseCase.swift */; };
		3C4AC05A27B5F1A700B371E4 /* TabBarViewSnapshotTests.swift in Sources */ = {isa = PBXBuildFile; fileRef = 3C4AC05927B5F1A700B371E4 /* TabBarViewSnapshotTests.swift */; };
		3C4AC05C27B5F2BB00B371E4 /* Snapshots in Resources */ = {isa = PBXBuildFile; fileRef = 3C4AC05B27B5F2BB00B371E4 /* Snapshots */; };
		3C4AC05F27B5F38100B371E4 /* TabBarViewModelMock.swift in Sources */ = {isa = PBXBuildFile; fileRef = 3C4AC05E27B5F38100B371E4 /* TabBarViewModelMock.swift */; };
		3C4AC06227B5F44C00B371E4 /* Spy.swift in Sources */ = {isa = PBXBuildFile; fileRef = 3C4AC06127B5F44C00B371E4 /* Spy.swift */; };
		3C4AC06427B5F5FB00B371E4 /* TabBarControllerTests.swift in Sources */ = {isa = PBXBuildFile; fileRef = 3C4AC06327B5F5FB00B371E4 /* TabBarControllerTests.swift */; };
		3C4AC06627B5F64E00B371E4 /* TabBarControllerDelegateMock.swift in Sources */ = {isa = PBXBuildFile; fileRef = 3C4AC06527B5F64E00B371E4 /* TabBarControllerDelegateMock.swift */; };
		3C4AC06827B5F87000B371E4 /* TabBarViewModelTests.swift in Sources */ = {isa = PBXBuildFile; fileRef = 3C4AC06727B5F87000B371E4 /* TabBarViewModelTests.swift */; };
		3C613F1927B9970200A42C58 /* TableViewDataSource.swift in Sources */ = {isa = PBXBuildFile; fileRef = 3C613F1827B9970200A42C58 /* TableViewDataSource.swift */; };
		3C613F1C27B999BA00A42C58 /* TableSectionProtocols.swift in Sources */ = {isa = PBXBuildFile; fileRef = 3C613F1B27B999BA00A42C58 /* TableSectionProtocols.swift */; };
		3C613F1E27B9A7F700A42C58 /* TableSection.swift in Sources */ = {isa = PBXBuildFile; fileRef = 3C613F1D27B9A7F700A42C58 /* TableSection.swift */; };
		3C613F2027B9B1CC00A42C58 /* AlarmCoordinator.swift in Sources */ = {isa = PBXBuildFile; fileRef = 3C613F1F27B9B1CC00A42C58 /* AlarmCoordinator.swift */; };
		3C613F2327B9CB1500A42C58 /* Navigation.swift in Sources */ = {isa = PBXBuildFile; fileRef = 3C613F2227B9CB1500A42C58 /* Navigation.swift */; };
		3C613F2527B9D50700A42C58 /* AlarmFactory.swift in Sources */ = {isa = PBXBuildFile; fileRef = 3C613F2427B9D50700A42C58 /* AlarmFactory.swift */; };
		3C613F2827B9D56400A42C58 /* CreateAlarmView.swift in Sources */ = {isa = PBXBuildFile; fileRef = 3C613F2727B9D56400A42C58 /* CreateAlarmView.swift */; };
		3C613F2A27B9D56E00A42C58 /* CreateAlarmController.swift in Sources */ = {isa = PBXBuildFile; fileRef = 3C613F2927B9D56E00A42C58 /* CreateAlarmController.swift */; };
		3C613F2C27B9D57700A42C58 /* CreateAlarmViewModel.swift in Sources */ = {isa = PBXBuildFile; fileRef = 3C613F2B27B9D57700A42C58 /* CreateAlarmViewModel.swift */; };
		3C613F2E27B9D6AA00A42C58 /* CreateAlarmCoordinator.swift in Sources */ = {isa = PBXBuildFile; fileRef = 3C613F2D27B9D6AA00A42C58 /* CreateAlarmCoordinator.swift */; };
		3C65E4EA27B072FE00E79E8C /* AppDelegate.swift in Sources */ = {isa = PBXBuildFile; fileRef = 3C65E4E927B072FE00E79E8C /* AppDelegate.swift */; };
		3C65E4EC27B072FE00E79E8C /* SceneDelegate.swift in Sources */ = {isa = PBXBuildFile; fileRef = 3C65E4EB27B072FE00E79E8C /* SceneDelegate.swift */; };
		3C65E4F327B072FF00E79E8C /* Assets.xcassets in Resources */ = {isa = PBXBuildFile; fileRef = 3C65E4F227B072FF00E79E8C /* Assets.xcassets */; };
		3C65E4F627B072FF00E79E8C /* LaunchScreen.storyboard in Resources */ = {isa = PBXBuildFile; fileRef = 3C65E4F427B072FF00E79E8C /* LaunchScreen.storyboard */; };
		3C65E50B27B072FF00E79E8C /* clone_apple_clock_iosUITests.swift in Sources */ = {isa = PBXBuildFile; fileRef = 3C65E50A27B072FF00E79E8C /* clone_apple_clock_iosUITests.swift */; };
		3C65E50D27B072FF00E79E8C /* clone_apple_clock_iosUITestsLaunchTests.swift in Sources */ = {isa = PBXBuildFile; fileRef = 3C65E50C27B072FF00E79E8C /* clone_apple_clock_iosUITestsLaunchTests.swift */; };
		3C65E51E27B0736D00E79E8C /* AppCoordinator.swift in Sources */ = {isa = PBXBuildFile; fileRef = 3C65E51D27B0736D00E79E8C /* AppCoordinator.swift */; };
		3C65E52027B0737400E79E8C /* CoordinatorProtocols.swift in Sources */ = {isa = PBXBuildFile; fileRef = 3C65E51F27B0737400E79E8C /* CoordinatorProtocols.swift */; };
		3C65E52227B0741500E79E8C /* ContainerCoordinator.swift in Sources */ = {isa = PBXBuildFile; fileRef = 3C65E52127B0741500E79E8C /* ContainerCoordinator.swift */; };
		3C65E52527B0771800E79E8C /* TabBarView.swift in Sources */ = {isa = PBXBuildFile; fileRef = 3C65E52427B0771800E79E8C /* TabBarView.swift */; };
		3C65E52727B0772800E79E8C /* TabBarController.swift in Sources */ = {isa = PBXBuildFile; fileRef = 3C65E52627B0772800E79E8C /* TabBarController.swift */; };
		3C65E52927B0773000E79E8C /* TabBarViewModel.swift in Sources */ = {isa = PBXBuildFile; fileRef = 3C65E52827B0773000E79E8C /* TabBarViewModel.swift */; };
		3C6C8A5B27B9D95400214F50 /* Alarm.strings in Resources */ = {isa = PBXBuildFile; fileRef = 3C6C8A5A27B9D95400214F50 /* Alarm.strings */; };
		3C6C8A5D27B9D9B300214F50 /* Default.strings in Resources */ = {isa = PBXBuildFile; fileRef = 3C6C8A5C27B9D9B300214F50 /* Default.strings */; };
		3C6F5F1D27BEFC24005DFE7C /* String+Date.swift in Sources */ = {isa = PBXBuildFile; fileRef = 3C6F5F1C27BEFC24005DFE7C /* String+Date.swift */; };
		3C6F5F2127BF02CC005DFE7C /* Alarm.swift in Sources */ = {isa = PBXBuildFile; fileRef = 3C6F5F2027BF02CC005DFE7C /* Alarm.swift */; };
		3C6F5F2327BF0308005DFE7C /* Repeat.swift in Sources */ = {isa = PBXBuildFile; fileRef = 3C6F5F2227BF0308005DFE7C /* Repeat.swift */; };
		3C6F5F2527BF0528005DFE7C /* Sound.swift in Sources */ = {isa = PBXBuildFile; fileRef = 3C6F5F2427BF0528005DFE7C /* Sound.swift */; };
		3C6F5F2B27BF30FD005DFE7C /* ClockModel.xcdatamodeld in Sources */ = {isa = PBXBuildFile; fileRef = 3C6F5F2927BF30FD005DFE7C /* ClockModel.xcdatamodeld */; };
		3C7B1B1A27B20177008116E4 /* Pods_clone_apple_clock_ios.framework in Frameworks */ = {isa = PBXBuildFile; fileRef = 91BCDCC249C87CCE1A8E1FEF /* Pods_clone_apple_clock_ios.framework */; };
		3CBD452427C14AF0002E9053 /* AlarmCoreData.swift in Sources */ = {isa = PBXBuildFile; fileRef = 3CBD452327C14AF0002E9053 /* AlarmCoreData.swift */; };
		3CBD452727C14BB7002E9053 /* PersistContainer.swift in Sources */ = {isa = PBXBuildFile; fileRef = 3CBD452627C14BB7002E9053 /* PersistContainer.swift */; };
		3CBD452C27C15156002E9053 /* AlarmRoutes.swift in Sources */ = {isa = PBXBuildFile; fileRef = 3CBD452B27C15156002E9053 /* AlarmRoutes.swift */; };
		3CBD452F27C15344002E9053 /* Provider.swift in Sources */ = {isa = PBXBuildFile; fileRef = 3CBD452E27C15344002E9053 /* Provider.swift */; };
		3CBD453227C159EB002E9053 /* CreateAlarmUseCase.swift in Sources */ = {isa = PBXBuildFile; fileRef = 3CBD453127C159EB002E9053 /* CreateAlarmUseCase.swift */; };
		3CD8947827B3322A00C3A66D /* Tab.swift in Sources */ = {isa = PBXBuildFile; fileRef = 3CD8947727B3322A00C3A66D /* Tab.swift */; };
		3CD8947C27B3329100C3A66D /* Localizable.swift in Sources */ = {isa = PBXBuildFile; fileRef = 3CD8947B27B3329100C3A66D /* Localizable.swift */; };
		3CD8947E27B332C300C3A66D /* TabBar.strings in Resources */ = {isa = PBXBuildFile; fileRef = 3CD8947D27B332C300C3A66D /* TabBar.strings */; };
		3CD8948227B3337200C3A66D /* Images.swift in Sources */ = {isa = PBXBuildFile; fileRef = 3CD8948127B3337200C3A66D /* Images.swift */; };
		3CF2F89327B95CEE003FC0EA /* AlarmView.swift in Sources */ = {isa = PBXBuildFile; fileRef = 3CF2F89227B95CEE003FC0EA /* AlarmView.swift */; };
		3CF2F89527B95CF6003FC0EA /* AlarmController.swift in Sources */ = {isa = PBXBuildFile; fileRef = 3CF2F89427B95CF6003FC0EA /* AlarmController.swift */; };
		3CF2F89727B95CFF003FC0EA /* AlarmViewModel.swift in Sources */ = {isa = PBXBuildFile; fileRef = 3CF2F89627B95CFF003FC0EA /* AlarmViewModel.swift */; };
		E94EFCDCF9AF9556CE83CB7E /* Pods_clone_apple_clock_iosTests.framework in Frameworks */ = {isa = PBXBuildFile; fileRef = FB64E77A9167B530EF4A071F /* Pods_clone_apple_clock_iosTests.framework */; };
		F56BDC3949CAC6AD382E4C95 /* Pods_clone_apple_clock_ios_clone_apple_clock_iosUITests.framework in Frameworks */ = {isa = PBXBuildFile; fileRef = 078DDCAC498FCA5F8B8129CB /* Pods_clone_apple_clock_ios_clone_apple_clock_iosUITests.framework */; };
/* End PBXBuildFile section */

/* Begin PBXContainerItemProxy section */
		3C65E4FD27B072FF00E79E8C /* PBXContainerItemProxy */ = {
			isa = PBXContainerItemProxy;
			containerPortal = 3C65E4DE27B072FE00E79E8C /* Project object */;
			proxyType = 1;
			remoteGlobalIDString = 3C65E4E527B072FE00E79E8C;
			remoteInfo = "clone-apple-clock-ios";
		};
		3C65E50727B072FF00E79E8C /* PBXContainerItemProxy */ = {
			isa = PBXContainerItemProxy;
			containerPortal = 3C65E4DE27B072FE00E79E8C /* Project object */;
			proxyType = 1;
			remoteGlobalIDString = 3C65E4E527B072FE00E79E8C;
			remoteInfo = "clone-apple-clock-ios";
		};
/* End PBXContainerItemProxy section */

/* Begin PBXFileReference section */
		078DDCAC498FCA5F8B8129CB /* Pods_clone_apple_clock_ios_clone_apple_clock_iosUITests.framework */ = {isa = PBXFileReference; explicitFileType = wrapper.framework; includeInIndex = 0; path = Pods_clone_apple_clock_ios_clone_apple_clock_iosUITests.framework; sourceTree = BUILT_PRODUCTS_DIR; };
		2CCF9984F0CF37D5C27ED81D /* Pods-clone-apple-clock-ios-clone-apple-clock-iosUITests.release.xcconfig */ = {isa = PBXFileReference; includeInIndex = 1; lastKnownFileType = text.xcconfig; name = "Pods-clone-apple-clock-ios-clone-apple-clock-iosUITests.release.xcconfig"; path = "Target Support Files/Pods-clone-apple-clock-ios-clone-apple-clock-iosUITests/Pods-clone-apple-clock-ios-clone-apple-clock-iosUITests.release.xcconfig"; sourceTree = "<group>"; };
		3C1D707627B7087900F7F463 /* AppCoordinatorTests.swift */ = {isa = PBXFileReference; lastKnownFileType = sourcecode.swift; path = AppCoordinatorTests.swift; sourceTree = "<group>"; };
		3C1D707827B70F4C00F7F463 /* ContainerCoordinatorTests.swift */ = {isa = PBXFileReference; lastKnownFileType = sourcecode.swift; path = ContainerCoordinatorTests.swift; sourceTree = "<group>"; };
		3C2B3FE927BC740C00B50E9B /* RightDetailCell.swift */ = {isa = PBXFileReference; lastKnownFileType = sourcecode.swift; path = RightDetailCell.swift; sourceTree = "<group>"; };
		3C2B3FEB27BC784100B50E9B /* RightDetailCellViewModel.swift */ = {isa = PBXFileReference; lastKnownFileType = sourcecode.swift; path = RightDetailCellViewModel.swift; sourceTree = "<group>"; };
		3C2B41C327B206DD0064F0E4 /* ContainerFactory.swift */ = {isa = PBXFileReference; lastKnownFileType = sourcecode.swift; path = ContainerFactory.swift; sourceTree = "<group>"; };
		3C2B41C727B2104A0064F0E4 /* Empty.xib */ = {isa = PBXFileReference; lastKnownFileType = file.xib; path = Empty.xib; sourceTree = "<group>"; };
		3C38C1FD27C85C970047CD05 /* Repeat.strings */ = {isa = PBXFileReference; fileEncoding = 4; lastKnownFileType = text.plist.strings; path = Repeat.strings; sourceTree = "<group>"; };
		3C38C20027C868B10047CD05 /* GetAlarmsUseCase.swift */ = {isa = PBXFileReference; lastKnownFileType = sourcecode.swift; path = GetAlarmsUseCase.swift; sourceTree = "<group>"; };
		3C4AC05927B5F1A700B371E4 /* TabBarViewSnapshotTests.swift */ = {isa = PBXFileReference; lastKnownFileType = sourcecode.swift; path = TabBarViewSnapshotTests.swift; sourceTree = "<group>"; };
		3C4AC05B27B5F2BB00B371E4 /* Snapshots */ = {isa = PBXFileReference; lastKnownFileType = folder; path = Snapshots; sourceTree = "<group>"; };
		3C4AC05E27B5F38100B371E4 /* TabBarViewModelMock.swift */ = {isa = PBXFileReference; lastKnownFileType = sourcecode.swift; path = TabBarViewModelMock.swift; sourceTree = "<group>"; };
		3C4AC06127B5F44C00B371E4 /* Spy.swift */ = {isa = PBXFileReference; lastKnownFileType = sourcecode.swift; path = Spy.swift; sourceTree = "<group>"; };
		3C4AC06327B5F5FB00B371E4 /* TabBarControllerTests.swift */ = {isa = PBXFileReference; lastKnownFileType = sourcecode.swift; path = TabBarControllerTests.swift; sourceTree = "<group>"; };
		3C4AC06527B5F64E00B371E4 /* TabBarControllerDelegateMock.swift */ = {isa = PBXFileReference; lastKnownFileType = sourcecode.swift; path = TabBarControllerDelegateMock.swift; sourceTree = "<group>"; };
		3C4AC06727B5F87000B371E4 /* TabBarViewModelTests.swift */ = {isa = PBXFileReference; lastKnownFileType = sourcecode.swift; path = TabBarViewModelTests.swift; sourceTree = "<group>"; };
		3C613F1827B9970200A42C58 /* TableViewDataSource.swift */ = {isa = PBXFileReference; lastKnownFileType = sourcecode.swift; path = TableViewDataSource.swift; sourceTree = "<group>"; };
		3C613F1B27B999BA00A42C58 /* TableSectionProtocols.swift */ = {isa = PBXFileReference; lastKnownFileType = sourcecode.swift; path = TableSectionProtocols.swift; sourceTree = "<group>"; };
		3C613F1D27B9A7F700A42C58 /* TableSection.swift */ = {isa = PBXFileReference; lastKnownFileType = sourcecode.swift; path = TableSection.swift; sourceTree = "<group>"; };
		3C613F1F27B9B1CC00A42C58 /* AlarmCoordinator.swift */ = {isa = PBXFileReference; lastKnownFileType = sourcecode.swift; path = AlarmCoordinator.swift; sourceTree = "<group>"; };
		3C613F2227B9CB1500A42C58 /* Navigation.swift */ = {isa = PBXFileReference; lastKnownFileType = sourcecode.swift; path = Navigation.swift; sourceTree = "<group>"; };
		3C613F2427B9D50700A42C58 /* AlarmFactory.swift */ = {isa = PBXFileReference; lastKnownFileType = sourcecode.swift; path = AlarmFactory.swift; sourceTree = "<group>"; };
		3C613F2727B9D56400A42C58 /* CreateAlarmView.swift */ = {isa = PBXFileReference; lastKnownFileType = sourcecode.swift; path = CreateAlarmView.swift; sourceTree = "<group>"; };
		3C613F2927B9D56E00A42C58 /* CreateAlarmController.swift */ = {isa = PBXFileReference; lastKnownFileType = sourcecode.swift; path = CreateAlarmController.swift; sourceTree = "<group>"; };
		3C613F2B27B9D57700A42C58 /* CreateAlarmViewModel.swift */ = {isa = PBXFileReference; lastKnownFileType = sourcecode.swift; path = CreateAlarmViewModel.swift; sourceTree = "<group>"; };
		3C613F2D27B9D6AA00A42C58 /* CreateAlarmCoordinator.swift */ = {isa = PBXFileReference; lastKnownFileType = sourcecode.swift; path = CreateAlarmCoordinator.swift; sourceTree = "<group>"; };
		3C65E4E627B072FE00E79E8C /* clone-apple-clock-ios.app */ = {isa = PBXFileReference; explicitFileType = wrapper.application; includeInIndex = 0; path = "clone-apple-clock-ios.app"; sourceTree = BUILT_PRODUCTS_DIR; };
		3C65E4E927B072FE00E79E8C /* AppDelegate.swift */ = {isa = PBXFileReference; lastKnownFileType = sourcecode.swift; path = AppDelegate.swift; sourceTree = "<group>"; };
		3C65E4EB27B072FE00E79E8C /* SceneDelegate.swift */ = {isa = PBXFileReference; lastKnownFileType = sourcecode.swift; path = SceneDelegate.swift; sourceTree = "<group>"; };
		3C65E4F227B072FF00E79E8C /* Assets.xcassets */ = {isa = PBXFileReference; lastKnownFileType = folder.assetcatalog; path = Assets.xcassets; sourceTree = "<group>"; };
		3C65E4F527B072FF00E79E8C /* Base */ = {isa = PBXFileReference; lastKnownFileType = file.storyboard; name = Base; path = Base.lproj/LaunchScreen.storyboard; sourceTree = "<group>"; };
		3C65E4F727B072FF00E79E8C /* Info.plist */ = {isa = PBXFileReference; lastKnownFileType = text.plist.xml; path = Info.plist; sourceTree = "<group>"; };
		3C65E4FC27B072FF00E79E8C /* clone-apple-clock-iosTests.xctest */ = {isa = PBXFileReference; explicitFileType = wrapper.cfbundle; includeInIndex = 0; path = "clone-apple-clock-iosTests.xctest"; sourceTree = BUILT_PRODUCTS_DIR; };
		3C65E50627B072FF00E79E8C /* clone-apple-clock-iosUITests.xctest */ = {isa = PBXFileReference; explicitFileType = wrapper.cfbundle; includeInIndex = 0; path = "clone-apple-clock-iosUITests.xctest"; sourceTree = BUILT_PRODUCTS_DIR; };
		3C65E50A27B072FF00E79E8C /* clone_apple_clock_iosUITests.swift */ = {isa = PBXFileReference; lastKnownFileType = sourcecode.swift; path = clone_apple_clock_iosUITests.swift; sourceTree = "<group>"; };
		3C65E50C27B072FF00E79E8C /* clone_apple_clock_iosUITestsLaunchTests.swift */ = {isa = PBXFileReference; lastKnownFileType = sourcecode.swift; path = clone_apple_clock_iosUITestsLaunchTests.swift; sourceTree = "<group>"; };
		3C65E51D27B0736D00E79E8C /* AppCoordinator.swift */ = {isa = PBXFileReference; lastKnownFileType = sourcecode.swift; path = AppCoordinator.swift; sourceTree = "<group>"; };
		3C65E51F27B0737400E79E8C /* CoordinatorProtocols.swift */ = {isa = PBXFileReference; lastKnownFileType = sourcecode.swift; path = CoordinatorProtocols.swift; sourceTree = "<group>"; };
		3C65E52127B0741500E79E8C /* ContainerCoordinator.swift */ = {isa = PBXFileReference; lastKnownFileType = sourcecode.swift; path = ContainerCoordinator.swift; sourceTree = "<group>"; };
		3C65E52427B0771800E79E8C /* TabBarView.swift */ = {isa = PBXFileReference; lastKnownFileType = sourcecode.swift; path = TabBarView.swift; sourceTree = "<group>"; };
		3C65E52627B0772800E79E8C /* TabBarController.swift */ = {isa = PBXFileReference; lastKnownFileType = sourcecode.swift; path = TabBarController.swift; sourceTree = "<group>"; };
		3C65E52827B0773000E79E8C /* TabBarViewModel.swift */ = {isa = PBXFileReference; lastKnownFileType = sourcecode.swift; path = TabBarViewModel.swift; sourceTree = "<group>"; };
		3C6C8A5A27B9D95400214F50 /* Alarm.strings */ = {isa = PBXFileReference; lastKnownFileType = text.plist.strings; path = Alarm.strings; sourceTree = "<group>"; };
		3C6C8A5C27B9D9B300214F50 /* Default.strings */ = {isa = PBXFileReference; lastKnownFileType = text.plist.strings; path = Default.strings; sourceTree = "<group>"; };
		3C6F5F1C27BEFC24005DFE7C /* String+Date.swift */ = {isa = PBXFileReference; lastKnownFileType = sourcecode.swift; path = "String+Date.swift"; sourceTree = "<group>"; };
		3C6F5F2027BF02CC005DFE7C /* Alarm.swift */ = {isa = PBXFileReference; lastKnownFileType = sourcecode.swift; path = Alarm.swift; sourceTree = "<group>"; };
		3C6F5F2227BF0308005DFE7C /* Repeat.swift */ = {isa = PBXFileReference; lastKnownFileType = sourcecode.swift; path = Repeat.swift; sourceTree = "<group>"; };
		3C6F5F2427BF0528005DFE7C /* Sound.swift */ = {isa = PBXFileReference; lastKnownFileType = sourcecode.swift; path = Sound.swift; sourceTree = "<group>"; };
		3C6F5F2A27BF30FD005DFE7C /* ExampleModel.xcdatamodel */ = {isa = PBXFileReference; lastKnownFileType = wrapper.xcdatamodel; path = ExampleModel.xcdatamodel; sourceTree = "<group>"; };
		3CBD452327C14AF0002E9053 /* AlarmCoreData.swift */ = {isa = PBXFileReference; lastKnownFileType = sourcecode.swift; path = AlarmCoreData.swift; sourceTree = "<group>"; };
		3CBD452627C14BB7002E9053 /* PersistContainer.swift */ = {isa = PBXFileReference; lastKnownFileType = sourcecode.swift; path = PersistContainer.swift; sourceTree = "<group>"; };
		3CBD452B27C15156002E9053 /* AlarmRoutes.swift */ = {isa = PBXFileReference; lastKnownFileType = sourcecode.swift; path = AlarmRoutes.swift; sourceTree = "<group>"; };
		3CBD452E27C15344002E9053 /* Provider.swift */ = {isa = PBXFileReference; lastKnownFileType = sourcecode.swift; path = Provider.swift; sourceTree = "<group>"; };
		3CBD453127C159EB002E9053 /* CreateAlarmUseCase.swift */ = {isa = PBXFileReference; lastKnownFileType = sourcecode.swift; path = CreateAlarmUseCase.swift; sourceTree = "<group>"; };
		3CD8947727B3322A00C3A66D /* Tab.swift */ = {isa = PBXFileReference; lastKnownFileType = sourcecode.swift; path = Tab.swift; sourceTree = "<group>"; };
		3CD8947B27B3329100C3A66D /* Localizable.swift */ = {isa = PBXFileReference; lastKnownFileType = sourcecode.swift; path = Localizable.swift; sourceTree = "<group>"; };
		3CD8947D27B332C300C3A66D /* TabBar.strings */ = {isa = PBXFileReference; lastKnownFileType = text.plist.strings; path = TabBar.strings; sourceTree = "<group>"; };
		3CD8948127B3337200C3A66D /* Images.swift */ = {isa = PBXFileReference; lastKnownFileType = sourcecode.swift; path = Images.swift; sourceTree = "<group>"; };
		3CF2F89227B95CEE003FC0EA /* AlarmView.swift */ = {isa = PBXFileReference; lastKnownFileType = sourcecode.swift; path = AlarmView.swift; sourceTree = "<group>"; };
		3CF2F89427B95CF6003FC0EA /* AlarmController.swift */ = {isa = PBXFileReference; lastKnownFileType = sourcecode.swift; path = AlarmController.swift; sourceTree = "<group>"; };
		3CF2F89627B95CFF003FC0EA /* AlarmViewModel.swift */ = {isa = PBXFileReference; lastKnownFileType = sourcecode.swift; path = AlarmViewModel.swift; sourceTree = "<group>"; };
		49293348FD1A5F5B5825D480 /* Pods-clone-apple-clock-iosTests.debug.xcconfig */ = {isa = PBXFileReference; includeInIndex = 1; lastKnownFileType = text.xcconfig; name = "Pods-clone-apple-clock-iosTests.debug.xcconfig"; path = "Target Support Files/Pods-clone-apple-clock-iosTests/Pods-clone-apple-clock-iosTests.debug.xcconfig"; sourceTree = "<group>"; };
		5A849DCA6B47E9F0ABCE0BAE /* Pods-clone-apple-clock-ios-clone-apple-clock-iosUITests.debug.xcconfig */ = {isa = PBXFileReference; includeInIndex = 1; lastKnownFileType = text.xcconfig; name = "Pods-clone-apple-clock-ios-clone-apple-clock-iosUITests.debug.xcconfig"; path = "Target Support Files/Pods-clone-apple-clock-ios-clone-apple-clock-iosUITests/Pods-clone-apple-clock-ios-clone-apple-clock-iosUITests.debug.xcconfig"; sourceTree = "<group>"; };
		783E52FACFE73F9FB5000F0A /* Pods-clone-apple-clock-iosTests.release.xcconfig */ = {isa = PBXFileReference; includeInIndex = 1; lastKnownFileType = text.xcconfig; name = "Pods-clone-apple-clock-iosTests.release.xcconfig"; path = "Target Support Files/Pods-clone-apple-clock-iosTests/Pods-clone-apple-clock-iosTests.release.xcconfig"; sourceTree = "<group>"; };
		91BCDCC249C87CCE1A8E1FEF /* Pods_clone_apple_clock_ios.framework */ = {isa = PBXFileReference; explicitFileType = wrapper.framework; includeInIndex = 0; path = Pods_clone_apple_clock_ios.framework; sourceTree = BUILT_PRODUCTS_DIR; };
		A6F49E82CACDB83FB0D291DD /* Pods-clone-apple-clock-ios.debug.xcconfig */ = {isa = PBXFileReference; includeInIndex = 1; lastKnownFileType = text.xcconfig; name = "Pods-clone-apple-clock-ios.debug.xcconfig"; path = "Target Support Files/Pods-clone-apple-clock-ios/Pods-clone-apple-clock-ios.debug.xcconfig"; sourceTree = "<group>"; };
		B16FAFA483A9FC2773A2EE80 /* Pods-clone-apple-clock-ios.release.xcconfig */ = {isa = PBXFileReference; includeInIndex = 1; lastKnownFileType = text.xcconfig; name = "Pods-clone-apple-clock-ios.release.xcconfig"; path = "Target Support Files/Pods-clone-apple-clock-ios/Pods-clone-apple-clock-ios.release.xcconfig"; sourceTree = "<group>"; };
		FB64E77A9167B530EF4A071F /* Pods_clone_apple_clock_iosTests.framework */ = {isa = PBXFileReference; explicitFileType = wrapper.framework; includeInIndex = 0; path = Pods_clone_apple_clock_iosTests.framework; sourceTree = BUILT_PRODUCTS_DIR; };
/* End PBXFileReference section */

/* Begin PBXFrameworksBuildPhase section */
		3C65E4E327B072FE00E79E8C /* Frameworks */ = {
			isa = PBXFrameworksBuildPhase;
			buildActionMask = 2147483647;
			files = (
				3C7B1B1A27B20177008116E4 /* Pods_clone_apple_clock_ios.framework in Frameworks */,
			);
			runOnlyForDeploymentPostprocessing = 0;
		};
		3C65E4F927B072FF00E79E8C /* Frameworks */ = {
			isa = PBXFrameworksBuildPhase;
			buildActionMask = 2147483647;
			files = (
				E94EFCDCF9AF9556CE83CB7E /* Pods_clone_apple_clock_iosTests.framework in Frameworks */,
			);
			runOnlyForDeploymentPostprocessing = 0;
		};
		3C65E50327B072FF00E79E8C /* Frameworks */ = {
			isa = PBXFrameworksBuildPhase;
			buildActionMask = 2147483647;
			files = (
				F56BDC3949CAC6AD382E4C95 /* Pods_clone_apple_clock_ios_clone_apple_clock_iosUITests.framework in Frameworks */,
			);
			runOnlyForDeploymentPostprocessing = 0;
		};
/* End PBXFrameworksBuildPhase section */

/* Begin PBXGroup section */
		3C1D707527B7086900F7F463 /* Setup */ = {
			isa = PBXGroup;
			children = (
				3C1D707627B7087900F7F463 /* AppCoordinatorTests.swift */,
			);
			path = Setup;
			sourceTree = "<group>";
		};
		3C2B3FE827BC73F700B50E9B /* Cells */ = {
			isa = PBXGroup;
			children = (
				3C2B3FE927BC740C00B50E9B /* RightDetailCell.swift */,
				3C2B3FEB27BC784100B50E9B /* RightDetailCellViewModel.swift */,
			);
			path = Cells;
			sourceTree = "<group>";
		};
		3C2B41C027B206B80064F0E4 /* TabBar */ = {
			isa = PBXGroup;
			children = (
				3C65E52427B0771800E79E8C /* TabBarView.swift */,
				3C65E52627B0772800E79E8C /* TabBarController.swift */,
				3C65E52827B0773000E79E8C /* TabBarViewModel.swift */,
				3C2B41C727B2104A0064F0E4 /* Empty.xib */,
			);
			path = TabBar;
			sourceTree = "<group>";
		};
		3C2B41C227B206CB0064F0E4 /* Factories */ = {
			isa = PBXGroup;
			children = (
				3C2B41C327B206DD0064F0E4 /* ContainerFactory.swift */,
				3C613F2427B9D50700A42C58 /* AlarmFactory.swift */,
			);
			path = Factories;
			sourceTree = "<group>";
		};
		3C38C1FF27C868A00047CD05 /* Domain */ = {
			isa = PBXGroup;
			children = (
				3C38C20027C868B10047CD05 /* GetAlarmsUseCase.swift */,
			);
			path = Domain;
			sourceTree = "<group>";
		};
		3C4AC04F27B5F01200B371E4 /* Support */ = {
			isa = PBXGroup;
			children = (
			);
			path = Support;
			sourceTree = "<group>";
		};
		3C4AC05027B5F01C00B371E4 /* Features */ = {
			isa = PBXGroup;
			children = (
				3C4AC05227B5F03400B371E4 /* TabBar */,
			);
			path = Features;
			sourceTree = "<group>";
		};
		3C4AC05127B5F02000B371E4 /* Coordinators */ = {
			isa = PBXGroup;
			children = (
				3C1D707527B7086900F7F463 /* Setup */,
				3C1D707827B70F4C00F7F463 /* ContainerCoordinatorTests.swift */,
			);
			path = Coordinators;
			sourceTree = "<group>";
		};
		3C4AC05227B5F03400B371E4 /* TabBar */ = {
			isa = PBXGroup;
			children = (
				3C4AC05D27B5F37B00B371E4 /* Mock */,
				3C4AC05927B5F1A700B371E4 /* TabBarViewSnapshotTests.swift */,
				3C4AC06327B5F5FB00B371E4 /* TabBarControllerTests.swift */,
				3C4AC06727B5F87000B371E4 /* TabBarViewModelTests.swift */,
			);
			path = TabBar;
			sourceTree = "<group>";
		};
		3C4AC05D27B5F37B00B371E4 /* Mock */ = {
			isa = PBXGroup;
			children = (
				3C4AC05E27B5F38100B371E4 /* TabBarViewModelMock.swift */,
				3C4AC06527B5F64E00B371E4 /* TabBarControllerDelegateMock.swift */,
			);
			path = Mock;
			sourceTree = "<group>";
		};
		3C4AC06027B5F40600B371E4 /* Helper */ = {
			isa = PBXGroup;
			children = (
				3C4AC06127B5F44C00B371E4 /* Spy.swift */,
			);
			path = Helper;
			sourceTree = "<group>";
		};
		3C613F1627B996EA00A42C58 /* DataSource */ = {
			isa = PBXGroup;
			children = (
				3C613F1727B996F200A42C58 /* TableView */,
			);
			path = DataSource;
			sourceTree = "<group>";
		};
		3C613F1727B996F200A42C58 /* TableView */ = {
			isa = PBXGroup;
			children = (
				3C613F1A27B999AD00A42C58 /* Protocols */,
				3C613F1827B9970200A42C58 /* TableViewDataSource.swift */,
				3C613F1D27B9A7F700A42C58 /* TableSection.swift */,
			);
			path = TableView;
			sourceTree = "<group>";
		};
		3C613F1A27B999AD00A42C58 /* Protocols */ = {
			isa = PBXGroup;
			children = (
				3C613F1B27B999BA00A42C58 /* TableSectionProtocols.swift */,
			);
			path = Protocols;
			sourceTree = "<group>";
		};
		3C613F2127B9CB0C00A42C58 /* Extension */ = {
			isa = PBXGroup;
			children = (
				3C613F2227B9CB1500A42C58 /* Navigation.swift */,
				3C6F5F1C27BEFC24005DFE7C /* String+Date.swift */,
			);
			path = Extension;
			sourceTree = "<group>";
		};
		3C613F2627B9D55500A42C58 /* CreateAlarm */ = {
			isa = PBXGroup;
			children = (
				3CBD453027C159E1002E9053 /* Domain */,
				3C2B3FE827BC73F700B50E9B /* Cells */,
				3C613F2727B9D56400A42C58 /* CreateAlarmView.swift */,
				3C613F2927B9D56E00A42C58 /* CreateAlarmController.swift */,
				3C613F2B27B9D57700A42C58 /* CreateAlarmViewModel.swift */,
			);
			path = CreateAlarm;
			sourceTree = "<group>";
		};
		3C65E4DD27B072FE00E79E8C = {
			isa = PBXGroup;
			children = (
				3C6F5F2927BF30FD005DFE7C /* ClockModel.xcdatamodeld */,
				3C65E4E827B072FE00E79E8C /* clone-apple-clock-ios */,
				3C65E4FF27B072FF00E79E8C /* clone-apple-clock-iosTests */,
				3C4AC05B27B5F2BB00B371E4 /* Snapshots */,
				3C65E50927B072FF00E79E8C /* clone-apple-clock-iosUITests */,
				3C65E4E727B072FE00E79E8C /* Products */,
				7A2ED73FBFAD271718222F16 /* Pods */,
				76EBC4943EF9323246D62F89 /* Frameworks */,
			);
			sourceTree = "<group>";
		};
		3C65E4E727B072FE00E79E8C /* Products */ = {
			isa = PBXGroup;
			children = (
				3C65E4E627B072FE00E79E8C /* clone-apple-clock-ios.app */,
				3C65E4FC27B072FF00E79E8C /* clone-apple-clock-iosTests.xctest */,
				3C65E50627B072FF00E79E8C /* clone-apple-clock-iosUITests.xctest */,
			);
			name = Products;
			sourceTree = "<group>";
		};
		3C65E4E827B072FE00E79E8C /* clone-apple-clock-ios */ = {
			isa = PBXGroup;
			children = (
				3CBD451227C149B1002E9053 /* CoreData */,
				3C65E51B27B0733A00E79E8C /* Support */,
				3C65E51A27B0733100E79E8C /* Features */,
				3C65E51927B0732B00E79E8C /* Coordinators */,
				3C65E4E927B072FE00E79E8C /* AppDelegate.swift */,
				3C65E4EB27B072FE00E79E8C /* SceneDelegate.swift */,
				3C65E4F227B072FF00E79E8C /* Assets.xcassets */,
				3C65E4F427B072FF00E79E8C /* LaunchScreen.storyboard */,
				3C65E4F727B072FF00E79E8C /* Info.plist */,
			);
			path = "clone-apple-clock-ios";
			sourceTree = "<group>";
		};
		3C65E4FF27B072FF00E79E8C /* clone-apple-clock-iosTests */ = {
			isa = PBXGroup;
			children = (
				3C4AC06027B5F40600B371E4 /* Helper */,
				3C4AC04F27B5F01200B371E4 /* Support */,
				3C4AC05127B5F02000B371E4 /* Coordinators */,
				3C4AC05027B5F01C00B371E4 /* Features */,
			);
			path = "clone-apple-clock-iosTests";
			sourceTree = "<group>";
		};
		3C65E50927B072FF00E79E8C /* clone-apple-clock-iosUITests */ = {
			isa = PBXGroup;
			children = (
				3C65E50A27B072FF00E79E8C /* clone_apple_clock_iosUITests.swift */,
				3C65E50C27B072FF00E79E8C /* clone_apple_clock_iosUITestsLaunchTests.swift */,
			);
			path = "clone-apple-clock-iosUITests";
			sourceTree = "<group>";
		};
		3C65E51927B0732B00E79E8C /* Coordinators */ = {
			isa = PBXGroup;
			children = (
				3C65E51C27B0736500E79E8C /* Setup */,
				3C65E52127B0741500E79E8C /* ContainerCoordinator.swift */,
				3C613F1F27B9B1CC00A42C58 /* AlarmCoordinator.swift */,
				3C613F2D27B9D6AA00A42C58 /* CreateAlarmCoordinator.swift */,
			);
			path = Coordinators;
			sourceTree = "<group>";
		};
		3C65E51A27B0733100E79E8C /* Features */ = {
			isa = PBXGroup;
			children = (
				3CF2F89027B95CD9003FC0EA /* Alarm */,
				3C65E52327B0770800E79E8C /* TabBar */,
			);
			path = Features;
			sourceTree = "<group>";
		};
		3C65E51B27B0733A00E79E8C /* Support */ = {
			isa = PBXGroup;
			children = (
				3CBD452527C14BA6002E9053 /* Context */,
				3C613F2127B9CB0C00A42C58 /* Extension */,
				3CD8947F27B3336800C3A66D /* UI */,
				3CD8947927B3328300C3A66D /* Strings */,
				3C2B41C227B206CB0064F0E4 /* Factories */,
			);
			path = Support;
			sourceTree = "<group>";
		};
		3C65E51C27B0736500E79E8C /* Setup */ = {
			isa = PBXGroup;
			children = (
				3C65E51D27B0736D00E79E8C /* AppCoordinator.swift */,
				3C65E51F27B0737400E79E8C /* CoordinatorProtocols.swift */,
			);
			path = Setup;
			sourceTree = "<group>";
		};
		3C65E52327B0770800E79E8C /* TabBar */ = {
			isa = PBXGroup;
			children = (
				3CD8947627B3321E00C3A66D /* Models */,
				3C2B41C027B206B80064F0E4 /* TabBar */,
			);
			path = TabBar;
			sourceTree = "<group>";
		};
		3C6F5F1F27BF02C4005DFE7C /* Models */ = {
			isa = PBXGroup;
			children = (
				3C6F5F2027BF02CC005DFE7C /* Alarm.swift */,
				3C6F5F2227BF0308005DFE7C /* Repeat.swift */,
				3C6F5F2427BF0528005DFE7C /* Sound.swift */,
			);
			path = Models;
			sourceTree = "<group>";
		};
		3CBD451227C149B1002E9053 /* CoreData */ = {
			isa = PBXGroup;
			children = (
				3CBD452D27C15300002E9053 /* Setup */,
				3CBD452A27C15145002E9053 /* Routes */,
				3CBD452827C1512B002E9053 /* Entities */,
			);
			path = CoreData;
			sourceTree = "<group>";
		};
		3CBD452527C14BA6002E9053 /* Context */ = {
			isa = PBXGroup;
			children = (
				3CBD452627C14BB7002E9053 /* PersistContainer.swift */,
			);
			path = Context;
			sourceTree = "<group>";
		};
		3CBD452827C1512B002E9053 /* Entities */ = {
			isa = PBXGroup;
			children = (
				3CBD452327C14AF0002E9053 /* AlarmCoreData.swift */,
			);
			path = Entities;
			sourceTree = "<group>";
		};
		3CBD452A27C15145002E9053 /* Routes */ = {
			isa = PBXGroup;
			children = (
				3CBD452B27C15156002E9053 /* AlarmRoutes.swift */,
			);
			path = Routes;
			sourceTree = "<group>";
		};
		3CBD452D27C15300002E9053 /* Setup */ = {
			isa = PBXGroup;
			children = (
				3CBD452E27C15344002E9053 /* Provider.swift */,
			);
			path = Setup;
			sourceTree = "<group>";
		};
		3CBD453027C159E1002E9053 /* Domain */ = {
			isa = PBXGroup;
			children = (
				3CBD453127C159EB002E9053 /* CreateAlarmUseCase.swift */,
			);
			path = Domain;
			sourceTree = "<group>";
		};
		3CD8947627B3321E00C3A66D /* Models */ = {
			isa = PBXGroup;
			children = (
				3CD8947727B3322A00C3A66D /* Tab.swift */,
			);
			path = Models;
			sourceTree = "<group>";
		};
		3CD8947927B3328300C3A66D /* Strings */ = {
			isa = PBXGroup;
			children = (
				3CD8947A27B3328600C3A66D /* Files */,
				3CD8947B27B3329100C3A66D /* Localizable.swift */,
			);
			path = Strings;
			sourceTree = "<group>";
		};
		3CD8947A27B3328600C3A66D /* Files */ = {
			isa = PBXGroup;
			children = (
				3CD8947D27B332C300C3A66D /* TabBar.strings */,
				3C6C8A5A27B9D95400214F50 /* Alarm.strings */,
				3C6C8A5C27B9D9B300214F50 /* Default.strings */,
				3C38C1FD27C85C970047CD05 /* Repeat.strings */,
			);
			path = Files;
			sourceTree = "<group>";
		};
		3CD8947F27B3336800C3A66D /* UI */ = {
			isa = PBXGroup;
			children = (
				3C613F1627B996EA00A42C58 /* DataSource */,
				3CD8948027B3336A00C3A66D /* Tokens */,
			);
			path = UI;
			sourceTree = "<group>";
		};
		3CD8948027B3336A00C3A66D /* Tokens */ = {
			isa = PBXGroup;
			children = (
				3CD8948127B3337200C3A66D /* Images.swift */,
			);
			path = Tokens;
			sourceTree = "<group>";
		};
		3CF2F89027B95CD9003FC0EA /* Alarm */ = {
			isa = PBXGroup;
			children = (
				3C6F5F1F27BF02C4005DFE7C /* Models */,
				3C613F2627B9D55500A42C58 /* CreateAlarm */,
				3CF2F89127B95CE4003FC0EA /* Alarm */,
			);
			path = Alarm;
			sourceTree = "<group>";
		};
		3CF2F89127B95CE4003FC0EA /* Alarm */ = {
			isa = PBXGroup;
			children = (
				3C38C1FF27C868A00047CD05 /* Domain */,
				3CF2F89227B95CEE003FC0EA /* AlarmView.swift */,
				3CF2F89427B95CF6003FC0EA /* AlarmController.swift */,
				3CF2F89627B95CFF003FC0EA /* AlarmViewModel.swift */,
			);
			path = Alarm;
			sourceTree = "<group>";
		};
		76EBC4943EF9323246D62F89 /* Frameworks */ = {
			isa = PBXGroup;
			children = (
				91BCDCC249C87CCE1A8E1FEF /* Pods_clone_apple_clock_ios.framework */,
				078DDCAC498FCA5F8B8129CB /* Pods_clone_apple_clock_ios_clone_apple_clock_iosUITests.framework */,
				FB64E77A9167B530EF4A071F /* Pods_clone_apple_clock_iosTests.framework */,
			);
			name = Frameworks;
			sourceTree = "<group>";
		};
		7A2ED73FBFAD271718222F16 /* Pods */ = {
			isa = PBXGroup;
			children = (
				A6F49E82CACDB83FB0D291DD /* Pods-clone-apple-clock-ios.debug.xcconfig */,
				B16FAFA483A9FC2773A2EE80 /* Pods-clone-apple-clock-ios.release.xcconfig */,
				5A849DCA6B47E9F0ABCE0BAE /* Pods-clone-apple-clock-ios-clone-apple-clock-iosUITests.debug.xcconfig */,
				2CCF9984F0CF37D5C27ED81D /* Pods-clone-apple-clock-ios-clone-apple-clock-iosUITests.release.xcconfig */,
				49293348FD1A5F5B5825D480 /* Pods-clone-apple-clock-iosTests.debug.xcconfig */,
				783E52FACFE73F9FB5000F0A /* Pods-clone-apple-clock-iosTests.release.xcconfig */,
			);
			path = Pods;
			sourceTree = "<group>";
		};
/* End PBXGroup section */

/* Begin PBXNativeTarget section */
		3C65E4E527B072FE00E79E8C /* clone-apple-clock-ios */ = {
			isa = PBXNativeTarget;
			buildConfigurationList = 3C65E51027B072FF00E79E8C /* Build configuration list for PBXNativeTarget "clone-apple-clock-ios" */;
			buildPhases = (
				9BF724DF827753685C15AD06 /* [CP] Check Pods Manifest.lock */,
				3C65E4E227B072FE00E79E8C /* Sources */,
				3C65E4E327B072FE00E79E8C /* Frameworks */,
				3C65E4E427B072FE00E79E8C /* Resources */,
				70D6FEA93BD25AE039B3F1AE /* [CP] Embed Pods Frameworks */,
			);
			buildRules = (
			);
			dependencies = (
			);
			name = "clone-apple-clock-ios";
			productName = "clone-apple-clock-ios";
			productReference = 3C65E4E627B072FE00E79E8C /* clone-apple-clock-ios.app */;
			productType = "com.apple.product-type.application";
		};
		3C65E4FB27B072FF00E79E8C /* clone-apple-clock-iosTests */ = {
			isa = PBXNativeTarget;
			buildConfigurationList = 3C65E51327B072FF00E79E8C /* Build configuration list for PBXNativeTarget "clone-apple-clock-iosTests" */;
			buildPhases = (
				4F88C0F084D4B4B07BA7C672 /* [CP] Check Pods Manifest.lock */,
				3C65E4F827B072FF00E79E8C /* Sources */,
				3C65E4F927B072FF00E79E8C /* Frameworks */,
				3C65E4FA27B072FF00E79E8C /* Resources */,
				821610FEFFCB5529F010B846 /* [CP] Embed Pods Frameworks */,
			);
			buildRules = (
			);
			dependencies = (
				3C65E4FE27B072FF00E79E8C /* PBXTargetDependency */,
			);
			name = "clone-apple-clock-iosTests";
			productName = "clone-apple-clock-iosTests";
			productReference = 3C65E4FC27B072FF00E79E8C /* clone-apple-clock-iosTests.xctest */;
			productType = "com.apple.product-type.bundle.unit-test";
		};
		3C65E50527B072FF00E79E8C /* clone-apple-clock-iosUITests */ = {
			isa = PBXNativeTarget;
			buildConfigurationList = 3C65E51627B072FF00E79E8C /* Build configuration list for PBXNativeTarget "clone-apple-clock-iosUITests" */;
			buildPhases = (
				B78AC0F297503234FA864339 /* [CP] Check Pods Manifest.lock */,
				3C65E50227B072FF00E79E8C /* Sources */,
				3C65E50327B072FF00E79E8C /* Frameworks */,
				3C65E50427B072FF00E79E8C /* Resources */,
				FBF9955C8B79A12A080AF7F7 /* [CP] Embed Pods Frameworks */,
			);
			buildRules = (
			);
			dependencies = (
				3C65E50827B072FF00E79E8C /* PBXTargetDependency */,
			);
			name = "clone-apple-clock-iosUITests";
			productName = "clone-apple-clock-iosUITests";
			productReference = 3C65E50627B072FF00E79E8C /* clone-apple-clock-iosUITests.xctest */;
			productType = "com.apple.product-type.bundle.ui-testing";
		};
/* End PBXNativeTarget section */

/* Begin PBXProject section */
		3C65E4DE27B072FE00E79E8C /* Project object */ = {
			isa = PBXProject;
			attributes = {
				BuildIndependentTargetsInParallel = 1;
				LastSwiftUpdateCheck = 1320;
				LastUpgradeCheck = 1320;
				TargetAttributes = {
					3C65E4E527B072FE00E79E8C = {
						CreatedOnToolsVersion = 13.2.1;
					};
					3C65E4FB27B072FF00E79E8C = {
						CreatedOnToolsVersion = 13.2.1;
						LastSwiftMigration = 1320;
						TestTargetID = 3C65E4E527B072FE00E79E8C;
					};
					3C65E50527B072FF00E79E8C = {
						CreatedOnToolsVersion = 13.2.1;
						TestTargetID = 3C65E4E527B072FE00E79E8C;
					};
				};
			};
			buildConfigurationList = 3C65E4E127B072FE00E79E8C /* Build configuration list for PBXProject "clone-apple-clock-ios" */;
			compatibilityVersion = "Xcode 13.0";
			developmentRegion = en;
			hasScannedForEncodings = 0;
			knownRegions = (
				en,
				Base,
			);
			mainGroup = 3C65E4DD27B072FE00E79E8C;
			productRefGroup = 3C65E4E727B072FE00E79E8C /* Products */;
			projectDirPath = "";
			projectRoot = "";
			targets = (
				3C65E4E527B072FE00E79E8C /* clone-apple-clock-ios */,
				3C65E4FB27B072FF00E79E8C /* clone-apple-clock-iosTests */,
				3C65E50527B072FF00E79E8C /* clone-apple-clock-iosUITests */,
			);
		};
/* End PBXProject section */

/* Begin PBXResourcesBuildPhase section */
		3C65E4E427B072FE00E79E8C /* Resources */ = {
			isa = PBXResourcesBuildPhase;
			buildActionMask = 2147483647;
			files = (
				3C38C1FE27C85C970047CD05 /* Repeat.strings in Resources */,
				3C6C8A5D27B9D9B300214F50 /* Default.strings in Resources */,
				3C2B41C827B2104A0064F0E4 /* Empty.xib in Resources */,
				3C65E4F627B072FF00E79E8C /* LaunchScreen.storyboard in Resources */,
				3C6C8A5B27B9D95400214F50 /* Alarm.strings in Resources */,
				3CD8947E27B332C300C3A66D /* TabBar.strings in Resources */,
				3C65E4F327B072FF00E79E8C /* Assets.xcassets in Resources */,
			);
			runOnlyForDeploymentPostprocessing = 0;
		};
		3C65E4FA27B072FF00E79E8C /* Resources */ = {
			isa = PBXResourcesBuildPhase;
			buildActionMask = 2147483647;
			files = (
				3C4AC05C27B5F2BB00B371E4 /* Snapshots in Resources */,
			);
			runOnlyForDeploymentPostprocessing = 0;
		};
		3C65E50427B072FF00E79E8C /* Resources */ = {
			isa = PBXResourcesBuildPhase;
			buildActionMask = 2147483647;
			files = (
			);
			runOnlyForDeploymentPostprocessing = 0;
		};
/* End PBXResourcesBuildPhase section */

/* Begin PBXShellScriptBuildPhase section */
		4F88C0F084D4B4B07BA7C672 /* [CP] Check Pods Manifest.lock */ = {
			isa = PBXShellScriptBuildPhase;
			buildActionMask = 2147483647;
			files = (
			);
			inputFileListPaths = (
			);
			inputPaths = (
				"${PODS_PODFILE_DIR_PATH}/Podfile.lock",
				"${PODS_ROOT}/Manifest.lock",
			);
			name = "[CP] Check Pods Manifest.lock";
			outputFileListPaths = (
			);
			outputPaths = (
				"$(DERIVED_FILE_DIR)/Pods-clone-apple-clock-iosTests-checkManifestLockResult.txt",
			);
			runOnlyForDeploymentPostprocessing = 0;
			shellPath = /bin/sh;
			shellScript = "diff \"${PODS_PODFILE_DIR_PATH}/Podfile.lock\" \"${PODS_ROOT}/Manifest.lock\" > /dev/null\nif [ $? != 0 ] ; then\n    # print error to STDERR\n    echo \"error: The sandbox is not in sync with the Podfile.lock. Run 'pod install' or update your CocoaPods installation.\" >&2\n    exit 1\nfi\n# This output is used by Xcode 'outputs' to avoid re-running this script phase.\necho \"SUCCESS\" > \"${SCRIPT_OUTPUT_FILE_0}\"\n";
			showEnvVarsInLog = 0;
		};
		70D6FEA93BD25AE039B3F1AE /* [CP] Embed Pods Frameworks */ = {
			isa = PBXShellScriptBuildPhase;
			buildActionMask = 2147483647;
			files = (
			);
			inputFileListPaths = (
				"${PODS_ROOT}/Target Support Files/Pods-clone-apple-clock-ios/Pods-clone-apple-clock-ios-frameworks-${CONFIGURATION}-input-files.xcfilelist",
			);
			name = "[CP] Embed Pods Frameworks";
			outputFileListPaths = (
				"${PODS_ROOT}/Target Support Files/Pods-clone-apple-clock-ios/Pods-clone-apple-clock-ios-frameworks-${CONFIGURATION}-output-files.xcfilelist",
			);
			runOnlyForDeploymentPostprocessing = 0;
			shellPath = /bin/sh;
			shellScript = "\"${PODS_ROOT}/Target Support Files/Pods-clone-apple-clock-ios/Pods-clone-apple-clock-ios-frameworks.sh\"\n";
			showEnvVarsInLog = 0;
		};
		821610FEFFCB5529F010B846 /* [CP] Embed Pods Frameworks */ = {
			isa = PBXShellScriptBuildPhase;
			buildActionMask = 2147483647;
			files = (
			);
			inputFileListPaths = (
				"${PODS_ROOT}/Target Support Files/Pods-clone-apple-clock-iosTests/Pods-clone-apple-clock-iosTests-frameworks-${CONFIGURATION}-input-files.xcfilelist",
			);
			name = "[CP] Embed Pods Frameworks";
			outputFileListPaths = (
				"${PODS_ROOT}/Target Support Files/Pods-clone-apple-clock-iosTests/Pods-clone-apple-clock-iosTests-frameworks-${CONFIGURATION}-output-files.xcfilelist",
			);
			runOnlyForDeploymentPostprocessing = 0;
			shellPath = /bin/sh;
			shellScript = "\"${PODS_ROOT}/Target Support Files/Pods-clone-apple-clock-iosTests/Pods-clone-apple-clock-iosTests-frameworks.sh\"\n";
			showEnvVarsInLog = 0;
		};
		9BF724DF827753685C15AD06 /* [CP] Check Pods Manifest.lock */ = {
			isa = PBXShellScriptBuildPhase;
			buildActionMask = 2147483647;
			files = (
			);
			inputFileListPaths = (
			);
			inputPaths = (
				"${PODS_PODFILE_DIR_PATH}/Podfile.lock",
				"${PODS_ROOT}/Manifest.lock",
			);
			name = "[CP] Check Pods Manifest.lock";
			outputFileListPaths = (
			);
			outputPaths = (
				"$(DERIVED_FILE_DIR)/Pods-clone-apple-clock-ios-checkManifestLockResult.txt",
			);
			runOnlyForDeploymentPostprocessing = 0;
			shellPath = /bin/sh;
			shellScript = "diff \"${PODS_PODFILE_DIR_PATH}/Podfile.lock\" \"${PODS_ROOT}/Manifest.lock\" > /dev/null\nif [ $? != 0 ] ; then\n    # print error to STDERR\n    echo \"error: The sandbox is not in sync with the Podfile.lock. Run 'pod install' or update your CocoaPods installation.\" >&2\n    exit 1\nfi\n# This output is used by Xcode 'outputs' to avoid re-running this script phase.\necho \"SUCCESS\" > \"${SCRIPT_OUTPUT_FILE_0}\"\n";
			showEnvVarsInLog = 0;
		};
		B78AC0F297503234FA864339 /* [CP] Check Pods Manifest.lock */ = {
			isa = PBXShellScriptBuildPhase;
			buildActionMask = 2147483647;
			files = (
			);
			inputFileListPaths = (
			);
			inputPaths = (
				"${PODS_PODFILE_DIR_PATH}/Podfile.lock",
				"${PODS_ROOT}/Manifest.lock",
			);
			name = "[CP] Check Pods Manifest.lock";
			outputFileListPaths = (
			);
			outputPaths = (
				"$(DERIVED_FILE_DIR)/Pods-clone-apple-clock-ios-clone-apple-clock-iosUITests-checkManifestLockResult.txt",
			);
			runOnlyForDeploymentPostprocessing = 0;
			shellPath = /bin/sh;
			shellScript = "diff \"${PODS_PODFILE_DIR_PATH}/Podfile.lock\" \"${PODS_ROOT}/Manifest.lock\" > /dev/null\nif [ $? != 0 ] ; then\n    # print error to STDERR\n    echo \"error: The sandbox is not in sync with the Podfile.lock. Run 'pod install' or update your CocoaPods installation.\" >&2\n    exit 1\nfi\n# This output is used by Xcode 'outputs' to avoid re-running this script phase.\necho \"SUCCESS\" > \"${SCRIPT_OUTPUT_FILE_0}\"\n";
			showEnvVarsInLog = 0;
		};
		FBF9955C8B79A12A080AF7F7 /* [CP] Embed Pods Frameworks */ = {
			isa = PBXShellScriptBuildPhase;
			buildActionMask = 2147483647;
			files = (
			);
			inputFileListPaths = (
				"${PODS_ROOT}/Target Support Files/Pods-clone-apple-clock-ios-clone-apple-clock-iosUITests/Pods-clone-apple-clock-ios-clone-apple-clock-iosUITests-frameworks-${CONFIGURATION}-input-files.xcfilelist",
			);
			name = "[CP] Embed Pods Frameworks";
			outputFileListPaths = (
				"${PODS_ROOT}/Target Support Files/Pods-clone-apple-clock-ios-clone-apple-clock-iosUITests/Pods-clone-apple-clock-ios-clone-apple-clock-iosUITests-frameworks-${CONFIGURATION}-output-files.xcfilelist",
			);
			runOnlyForDeploymentPostprocessing = 0;
			shellPath = /bin/sh;
			shellScript = "\"${PODS_ROOT}/Target Support Files/Pods-clone-apple-clock-ios-clone-apple-clock-iosUITests/Pods-clone-apple-clock-ios-clone-apple-clock-iosUITests-frameworks.sh\"\n";
			showEnvVarsInLog = 0;
		};
/* End PBXShellScriptBuildPhase section */

/* Begin PBXSourcesBuildPhase section */
		3C65E4E227B072FE00E79E8C /* Sources */ = {
			isa = PBXSourcesBuildPhase;
			buildActionMask = 2147483647;
			files = (
				3CD8947C27B3329100C3A66D /* Localizable.swift in Sources */,
				3CD8948227B3337200C3A66D /* Images.swift in Sources */,
				3C613F2E27B9D6AA00A42C58 /* CreateAlarmCoordinator.swift in Sources */,
				3C613F1E27B9A7F700A42C58 /* TableSection.swift in Sources */,
				3CBD452F27C15344002E9053 /* Provider.swift in Sources */,
				3C613F1927B9970200A42C58 /* TableViewDataSource.swift in Sources */,
				3C613F2827B9D56400A42C58 /* CreateAlarmView.swift in Sources */,
				3C65E52927B0773000E79E8C /* TabBarViewModel.swift in Sources */,
				3C38C20127C868B10047CD05 /* GetAlarmsUseCase.swift in Sources */,
				3C613F2A27B9D56E00A42C58 /* CreateAlarmController.swift in Sources */,
				3CBD453227C159EB002E9053 /* CreateAlarmUseCase.swift in Sources */,
				3C6F5F2527BF0528005DFE7C /* Sound.swift in Sources */,
				3C65E51E27B0736D00E79E8C /* AppCoordinator.swift in Sources */,
				3C613F1C27B999BA00A42C58 /* TableSectionProtocols.swift in Sources */,
				3C6F5F2327BF0308005DFE7C /* Repeat.swift in Sources */,
				3C613F2327B9CB1500A42C58 /* Navigation.swift in Sources */,
				3C613F2C27B9D57700A42C58 /* CreateAlarmViewModel.swift in Sources */,
				3C6F5F2B27BF30FD005DFE7C /* ClockModel.xcdatamodeld in Sources */,
				3CF2F89727B95CFF003FC0EA /* AlarmViewModel.swift in Sources */,
				3C65E4EA27B072FE00E79E8C /* AppDelegate.swift in Sources */,
				3CBD452727C14BB7002E9053 /* PersistContainer.swift in Sources */,
				3CD8947827B3322A00C3A66D /* Tab.swift in Sources */,
				3C2B3FEA27BC740C00B50E9B /* RightDetailCell.swift in Sources */,
				3CF2F89327B95CEE003FC0EA /* AlarmView.swift in Sources */,
				3C65E52227B0741500E79E8C /* ContainerCoordinator.swift in Sources */,
				3C2B41C427B206DD0064F0E4 /* ContainerFactory.swift in Sources */,
				3C65E52027B0737400E79E8C /* CoordinatorProtocols.swift in Sources */,
				3CBD452427C14AF0002E9053 /* AlarmCoreData.swift in Sources */,
				3C65E52727B0772800E79E8C /* TabBarController.swift in Sources */,
				3C65E52527B0771800E79E8C /* TabBarView.swift in Sources */,
				3C65E4EC27B072FE00E79E8C /* SceneDelegate.swift in Sources */,
				3C6F5F1D27BEFC24005DFE7C /* String+Date.swift in Sources */,
				3CBD452C27C15156002E9053 /* AlarmRoutes.swift in Sources */,
				3C2B3FEC27BC784100B50E9B /* RightDetailCellViewModel.swift in Sources */,
				3C613F2027B9B1CC00A42C58 /* AlarmCoordinator.swift in Sources */,
				3CF2F89527B95CF6003FC0EA /* AlarmController.swift in Sources */,
				3C6F5F2127BF02CC005DFE7C /* Alarm.swift in Sources */,
				3C613F2527B9D50700A42C58 /* AlarmFactory.swift in Sources */,
			);
			runOnlyForDeploymentPostprocessing = 0;
		};
		3C65E4F827B072FF00E79E8C /* Sources */ = {
			isa = PBXSourcesBuildPhase;
			buildActionMask = 2147483647;
			files = (
				3C4AC06827B5F87000B371E4 /* TabBarViewModelTests.swift in Sources */,
				3C4AC06627B5F64E00B371E4 /* TabBarControllerDelegateMock.swift in Sources */,
				3C4AC05F27B5F38100B371E4 /* TabBarViewModelMock.swift in Sources */,
				3C4AC06427B5F5FB00B371E4 /* TabBarControllerTests.swift in Sources */,
				3C1D707927B70F4C00F7F463 /* ContainerCoordinatorTests.swift in Sources */,
				3C4AC05A27B5F1A700B371E4 /* TabBarViewSnapshotTests.swift in Sources */,
				3C4AC06227B5F44C00B371E4 /* Spy.swift in Sources */,
				3C1D707727B7087900F7F463 /* AppCoordinatorTests.swift in Sources */,
			);
			runOnlyForDeploymentPostprocessing = 0;
		};
		3C65E50227B072FF00E79E8C /* Sources */ = {
			isa = PBXSourcesBuildPhase;
			buildActionMask = 2147483647;
			files = (
				3C65E50D27B072FF00E79E8C /* clone_apple_clock_iosUITestsLaunchTests.swift in Sources */,
				3C65E50B27B072FF00E79E8C /* clone_apple_clock_iosUITests.swift in Sources */,
			);
			runOnlyForDeploymentPostprocessing = 0;
		};
/* End PBXSourcesBuildPhase section */

/* Begin PBXTargetDependency section */
		3C65E4FE27B072FF00E79E8C /* PBXTargetDependency */ = {
			isa = PBXTargetDependency;
			target = 3C65E4E527B072FE00E79E8C /* clone-apple-clock-ios */;
			targetProxy = 3C65E4FD27B072FF00E79E8C /* PBXContainerItemProxy */;
		};
		3C65E50827B072FF00E79E8C /* PBXTargetDependency */ = {
			isa = PBXTargetDependency;
			target = 3C65E4E527B072FE00E79E8C /* clone-apple-clock-ios */;
			targetProxy = 3C65E50727B072FF00E79E8C /* PBXContainerItemProxy */;
		};
/* End PBXTargetDependency section */

/* Begin PBXVariantGroup section */
		3C65E4F427B072FF00E79E8C /* LaunchScreen.storyboard */ = {
			isa = PBXVariantGroup;
			children = (
				3C65E4F527B072FF00E79E8C /* Base */,
			);
			name = LaunchScreen.storyboard;
			sourceTree = "<group>";
		};
/* End PBXVariantGroup section */

/* Begin XCBuildConfiguration section */
		3C65E50E27B072FF00E79E8C /* Debug */ = {
			isa = XCBuildConfiguration;
			buildSettings = {
				ALWAYS_SEARCH_USER_PATHS = NO;
				CLANG_ANALYZER_NONNULL = YES;
				CLANG_ANALYZER_NUMBER_OBJECT_CONVERSION = YES_AGGRESSIVE;
				CLANG_CXX_LANGUAGE_STANDARD = "gnu++17";
				CLANG_CXX_LIBRARY = "libc++";
				CLANG_ENABLE_MODULES = YES;
				CLANG_ENABLE_OBJC_ARC = YES;
				CLANG_ENABLE_OBJC_WEAK = YES;
				CLANG_WARN_BLOCK_CAPTURE_AUTORELEASING = YES;
				CLANG_WARN_BOOL_CONVERSION = YES;
				CLANG_WARN_COMMA = YES;
				CLANG_WARN_CONSTANT_CONVERSION = YES;
				CLANG_WARN_DEPRECATED_OBJC_IMPLEMENTATIONS = YES;
				CLANG_WARN_DIRECT_OBJC_ISA_USAGE = YES_ERROR;
				CLANG_WARN_DOCUMENTATION_COMMENTS = YES;
				CLANG_WARN_EMPTY_BODY = YES;
				CLANG_WARN_ENUM_CONVERSION = YES;
				CLANG_WARN_INFINITE_RECURSION = YES;
				CLANG_WARN_INT_CONVERSION = YES;
				CLANG_WARN_NON_LITERAL_NULL_CONVERSION = YES;
				CLANG_WARN_OBJC_IMPLICIT_RETAIN_SELF = YES;
				CLANG_WARN_OBJC_LITERAL_CONVERSION = YES;
				CLANG_WARN_OBJC_ROOT_CLASS = YES_ERROR;
				CLANG_WARN_QUOTED_INCLUDE_IN_FRAMEWORK_HEADER = YES;
				CLANG_WARN_RANGE_LOOP_ANALYSIS = YES;
				CLANG_WARN_STRICT_PROTOTYPES = YES;
				CLANG_WARN_SUSPICIOUS_MOVE = YES;
				CLANG_WARN_UNGUARDED_AVAILABILITY = YES_AGGRESSIVE;
				CLANG_WARN_UNREACHABLE_CODE = YES;
				CLANG_WARN__DUPLICATE_METHOD_MATCH = YES;
				COPY_PHASE_STRIP = NO;
				DEBUG_INFORMATION_FORMAT = dwarf;
				ENABLE_STRICT_OBJC_MSGSEND = YES;
				ENABLE_TESTABILITY = YES;
				GCC_C_LANGUAGE_STANDARD = gnu11;
				GCC_DYNAMIC_NO_PIC = NO;
				GCC_NO_COMMON_BLOCKS = YES;
				GCC_OPTIMIZATION_LEVEL = 0;
				GCC_PREPROCESSOR_DEFINITIONS = (
					"DEBUG=1",
					"$(inherited)",
				);
				GCC_WARN_64_TO_32_BIT_CONVERSION = YES;
				GCC_WARN_ABOUT_RETURN_TYPE = YES_ERROR;
				GCC_WARN_UNDECLARED_SELECTOR = YES;
				GCC_WARN_UNINITIALIZED_AUTOS = YES_AGGRESSIVE;
				GCC_WARN_UNUSED_FUNCTION = YES;
				GCC_WARN_UNUSED_VARIABLE = YES;
				IPHONEOS_DEPLOYMENT_TARGET = 15.2;
				MTL_ENABLE_DEBUG_INFO = INCLUDE_SOURCE;
				MTL_FAST_MATH = YES;
				ONLY_ACTIVE_ARCH = YES;
				SDKROOT = iphoneos;
				SWIFT_ACTIVE_COMPILATION_CONDITIONS = DEBUG;
				SWIFT_OPTIMIZATION_LEVEL = "-Onone";
			};
			name = Debug;
		};
		3C65E50F27B072FF00E79E8C /* Release */ = {
			isa = XCBuildConfiguration;
			buildSettings = {
				ALWAYS_SEARCH_USER_PATHS = NO;
				CLANG_ANALYZER_NONNULL = YES;
				CLANG_ANALYZER_NUMBER_OBJECT_CONVERSION = YES_AGGRESSIVE;
				CLANG_CXX_LANGUAGE_STANDARD = "gnu++17";
				CLANG_CXX_LIBRARY = "libc++";
				CLANG_ENABLE_MODULES = YES;
				CLANG_ENABLE_OBJC_ARC = YES;
				CLANG_ENABLE_OBJC_WEAK = YES;
				CLANG_WARN_BLOCK_CAPTURE_AUTORELEASING = YES;
				CLANG_WARN_BOOL_CONVERSION = YES;
				CLANG_WARN_COMMA = YES;
				CLANG_WARN_CONSTANT_CONVERSION = YES;
				CLANG_WARN_DEPRECATED_OBJC_IMPLEMENTATIONS = YES;
				CLANG_WARN_DIRECT_OBJC_ISA_USAGE = YES_ERROR;
				CLANG_WARN_DOCUMENTATION_COMMENTS = YES;
				CLANG_WARN_EMPTY_BODY = YES;
				CLANG_WARN_ENUM_CONVERSION = YES;
				CLANG_WARN_INFINITE_RECURSION = YES;
				CLANG_WARN_INT_CONVERSION = YES;
				CLANG_WARN_NON_LITERAL_NULL_CONVERSION = YES;
				CLANG_WARN_OBJC_IMPLICIT_RETAIN_SELF = YES;
				CLANG_WARN_OBJC_LITERAL_CONVERSION = YES;
				CLANG_WARN_OBJC_ROOT_CLASS = YES_ERROR;
				CLANG_WARN_QUOTED_INCLUDE_IN_FRAMEWORK_HEADER = YES;
				CLANG_WARN_RANGE_LOOP_ANALYSIS = YES;
				CLANG_WARN_STRICT_PROTOTYPES = YES;
				CLANG_WARN_SUSPICIOUS_MOVE = YES;
				CLANG_WARN_UNGUARDED_AVAILABILITY = YES_AGGRESSIVE;
				CLANG_WARN_UNREACHABLE_CODE = YES;
				CLANG_WARN__DUPLICATE_METHOD_MATCH = YES;
				COPY_PHASE_STRIP = NO;
				DEBUG_INFORMATION_FORMAT = "dwarf-with-dsym";
				ENABLE_NS_ASSERTIONS = NO;
				ENABLE_STRICT_OBJC_MSGSEND = YES;
				GCC_C_LANGUAGE_STANDARD = gnu11;
				GCC_NO_COMMON_BLOCKS = YES;
				GCC_WARN_64_TO_32_BIT_CONVERSION = YES;
				GCC_WARN_ABOUT_RETURN_TYPE = YES_ERROR;
				GCC_WARN_UNDECLARED_SELECTOR = YES;
				GCC_WARN_UNINITIALIZED_AUTOS = YES_AGGRESSIVE;
				GCC_WARN_UNUSED_FUNCTION = YES;
				GCC_WARN_UNUSED_VARIABLE = YES;
				IPHONEOS_DEPLOYMENT_TARGET = 15.2;
				MTL_ENABLE_DEBUG_INFO = NO;
				MTL_FAST_MATH = YES;
				SDKROOT = iphoneos;
				SWIFT_COMPILATION_MODE = wholemodule;
				SWIFT_OPTIMIZATION_LEVEL = "-O";
				VALIDATE_PRODUCT = YES;
			};
			name = Release;
		};
		3C65E51127B072FF00E79E8C /* Debug */ = {
			isa = XCBuildConfiguration;
			baseConfigurationReference = A6F49E82CACDB83FB0D291DD /* Pods-clone-apple-clock-ios.debug.xcconfig */;
			buildSettings = {
				ALLOW_TARGET_PLATFORM_SPECIALIZATION = NO;
				ASSETCATALOG_COMPILER_APPICON_NAME = AppIcon;
				ASSETCATALOG_COMPILER_GLOBAL_ACCENT_COLOR_NAME = AccentColor;
				BUILD_LIBRARY_FOR_DISTRIBUTION = NO;
				CODE_SIGN_STYLE = Automatic;
				CURRENT_PROJECT_VERSION = 1;
				DEVELOPMENT_TEAM = 77PUJX2KMA;
				GENERATE_INFOPLIST_FILE = YES;
				INFOPLIST_FILE = "clone-apple-clock-ios/Info.plist";
				INFOPLIST_KEY_UIApplicationSupportsIndirectInputEvents = YES;
				INFOPLIST_KEY_UILaunchStoryboardName = LaunchScreen;
				INFOPLIST_KEY_UISupportedInterfaceOrientations_iPad = "UIInterfaceOrientationPortrait UIInterfaceOrientationPortraitUpsideDown UIInterfaceOrientationLandscapeLeft UIInterfaceOrientationLandscapeRight";
				INFOPLIST_KEY_UISupportedInterfaceOrientations_iPhone = "UIInterfaceOrientationPortrait UIInterfaceOrientationLandscapeLeft UIInterfaceOrientationLandscapeRight";
				IPHONEOS_DEPLOYMENT_TARGET = 15.0;
				LD_RUNPATH_SEARCH_PATHS = (
					"$(inherited)",
					"@executable_path/Frameworks",
				);
				MARKETING_VERSION = 1.0;
				ONLY_ACTIVE_ARCH = YES;
				PRODUCT_BUNDLE_IDENTIFIER = "com.vinicius.clone-apple-clock-ios";
				PRODUCT_NAME = "$(TARGET_NAME)";
				SWIFT_EMIT_LOC_STRINGS = YES;
				SWIFT_VERSION = 5.0;
				TARGETED_DEVICE_FAMILY = "1,2";
			};
			name = Debug;
		};
		3C65E51227B072FF00E79E8C /* Release */ = {
			isa = XCBuildConfiguration;
			baseConfigurationReference = B16FAFA483A9FC2773A2EE80 /* Pods-clone-apple-clock-ios.release.xcconfig */;
			buildSettings = {
				ALLOW_TARGET_PLATFORM_SPECIALIZATION = NO;
				ASSETCATALOG_COMPILER_APPICON_NAME = AppIcon;
				ASSETCATALOG_COMPILER_GLOBAL_ACCENT_COLOR_NAME = AccentColor;
				BUILD_LIBRARY_FOR_DISTRIBUTION = NO;
				CODE_SIGN_STYLE = Automatic;
				CURRENT_PROJECT_VERSION = 1;
				DEVELOPMENT_TEAM = 77PUJX2KMA;
				GENERATE_INFOPLIST_FILE = YES;
				INFOPLIST_FILE = "clone-apple-clock-ios/Info.plist";
				INFOPLIST_KEY_UIApplicationSupportsIndirectInputEvents = YES;
				INFOPLIST_KEY_UILaunchStoryboardName = LaunchScreen;
				INFOPLIST_KEY_UISupportedInterfaceOrientations_iPad = "UIInterfaceOrientationPortrait UIInterfaceOrientationPortraitUpsideDown UIInterfaceOrientationLandscapeLeft UIInterfaceOrientationLandscapeRight";
				INFOPLIST_KEY_UISupportedInterfaceOrientations_iPhone = "UIInterfaceOrientationPortrait UIInterfaceOrientationLandscapeLeft UIInterfaceOrientationLandscapeRight";
				IPHONEOS_DEPLOYMENT_TARGET = 15.0;
				LD_RUNPATH_SEARCH_PATHS = (
					"$(inherited)",
					"@executable_path/Frameworks",
				);
				MARKETING_VERSION = 1.0;
				ONLY_ACTIVE_ARCH = YES;
				PRODUCT_BUNDLE_IDENTIFIER = "com.vinicius.clone-apple-clock-ios";
				PRODUCT_NAME = "$(TARGET_NAME)";
				SWIFT_EMIT_LOC_STRINGS = YES;
				SWIFT_VERSION = 5.0;
				TARGETED_DEVICE_FAMILY = "1,2";
			};
			name = Release;
		};
		3C65E51427B072FF00E79E8C /* Debug */ = {
			isa = XCBuildConfiguration;
			baseConfigurationReference = 49293348FD1A5F5B5825D480 /* Pods-clone-apple-clock-iosTests.debug.xcconfig */;
			buildSettings = {
				ALWAYS_EMBED_SWIFT_STANDARD_LIBRARIES = YES;
				BUNDLE_LOADER = "$(TEST_HOST)";
				CLANG_ENABLE_MODULES = YES;
				CODE_SIGN_STYLE = Automatic;
				CURRENT_PROJECT_VERSION = 1;
				DEVELOPMENT_TEAM = 77PUJX2KMA;
				GENERATE_INFOPLIST_FILE = YES;
				IPHONEOS_DEPLOYMENT_TARGET = 15.2;
				LD_RUNPATH_SEARCH_PATHS = (
					"$(inherited)",
					"@executable_path/Frameworks",
					"@loader_path/Frameworks",
				);
				MARKETING_VERSION = 1.0;
				PRODUCT_BUNDLE_IDENTIFIER = "com.vinicius.clone-apple-clock-iosTests";
				PRODUCT_NAME = "$(TARGET_NAME)";
				SWIFT_EMIT_LOC_STRINGS = NO;
				SWIFT_OBJC_BRIDGING_HEADER = "";
				SWIFT_OPTIMIZATION_LEVEL = "-Onone";
				SWIFT_VERSION = 5.0;
				TARGETED_DEVICE_FAMILY = "1,2";
				TEST_HOST = "$(BUILT_PRODUCTS_DIR)/clone-apple-clock-ios.app/clone-apple-clock-ios";
			};
			name = Debug;
		};
		3C65E51527B072FF00E79E8C /* Release */ = {
			isa = XCBuildConfiguration;
			baseConfigurationReference = 783E52FACFE73F9FB5000F0A /* Pods-clone-apple-clock-iosTests.release.xcconfig */;
			buildSettings = {
				ALWAYS_EMBED_SWIFT_STANDARD_LIBRARIES = YES;
				BUNDLE_LOADER = "$(TEST_HOST)";
				CLANG_ENABLE_MODULES = YES;
				CODE_SIGN_STYLE = Automatic;
				CURRENT_PROJECT_VERSION = 1;
				DEVELOPMENT_TEAM = 77PUJX2KMA;
				GENERATE_INFOPLIST_FILE = YES;
				IPHONEOS_DEPLOYMENT_TARGET = 15.2;
				LD_RUNPATH_SEARCH_PATHS = (
					"$(inherited)",
					"@executable_path/Frameworks",
					"@loader_path/Frameworks",
				);
				MARKETING_VERSION = 1.0;
				PRODUCT_BUNDLE_IDENTIFIER = "com.vinicius.clone-apple-clock-iosTests";
				PRODUCT_NAME = "$(TARGET_NAME)";
				SWIFT_EMIT_LOC_STRINGS = NO;
				SWIFT_OBJC_BRIDGING_HEADER = "";
				SWIFT_VERSION = 5.0;
				TARGETED_DEVICE_FAMILY = "1,2";
				TEST_HOST = "$(BUILT_PRODUCTS_DIR)/clone-apple-clock-ios.app/clone-apple-clock-ios";
			};
			name = Release;
		};
		3C65E51727B072FF00E79E8C /* Debug */ = {
			isa = XCBuildConfiguration;
			baseConfigurationReference = 5A849DCA6B47E9F0ABCE0BAE /* Pods-clone-apple-clock-ios-clone-apple-clock-iosUITests.debug.xcconfig */;
			buildSettings = {
				ALWAYS_EMBED_SWIFT_STANDARD_LIBRARIES = YES;
				CODE_SIGN_STYLE = Automatic;
				CURRENT_PROJECT_VERSION = 1;
				DEVELOPMENT_TEAM = 77PUJX2KMA;
				GENERATE_INFOPLIST_FILE = YES;
				MARKETING_VERSION = 1.0;
				PRODUCT_BUNDLE_IDENTIFIER = "com.vinicius.clone-apple-clock-iosUITests";
				PRODUCT_NAME = "$(TARGET_NAME)";
				SWIFT_EMIT_LOC_STRINGS = NO;
				SWIFT_VERSION = 5.0;
				TARGETED_DEVICE_FAMILY = "1,2";
				TEST_TARGET_NAME = "clone-apple-clock-ios";
			};
			name = Debug;
		};
		3C65E51827B072FF00E79E8C /* Release */ = {
			isa = XCBuildConfiguration;
			baseConfigurationReference = 2CCF9984F0CF37D5C27ED81D /* Pods-clone-apple-clock-ios-clone-apple-clock-iosUITests.release.xcconfig */;
			buildSettings = {
				ALWAYS_EMBED_SWIFT_STANDARD_LIBRARIES = YES;
				CODE_SIGN_STYLE = Automatic;
				CURRENT_PROJECT_VERSION = 1;
				DEVELOPMENT_TEAM = 77PUJX2KMA;
				GENERATE_INFOPLIST_FILE = YES;
				MARKETING_VERSION = 1.0;
				PRODUCT_BUNDLE_IDENTIFIER = "com.vinicius.clone-apple-clock-iosUITests";
				PRODUCT_NAME = "$(TARGET_NAME)";
				SWIFT_EMIT_LOC_STRINGS = NO;
				SWIFT_VERSION = 5.0;
				TARGETED_DEVICE_FAMILY = "1,2";
				TEST_TARGET_NAME = "clone-apple-clock-ios";
			};
			name = Release;
		};
/* End XCBuildConfiguration section */

/* Begin XCConfigurationList section */
		3C65E4E127B072FE00E79E8C /* Build configuration list for PBXProject "clone-apple-clock-ios" */ = {
			isa = XCConfigurationList;
			buildConfigurations = (
				3C65E50E27B072FF00E79E8C /* Debug */,
				3C65E50F27B072FF00E79E8C /* Release */,
			);
			defaultConfigurationIsVisible = 0;
			defaultConfigurationName = Release;
		};
		3C65E51027B072FF00E79E8C /* Build configuration list for PBXNativeTarget "clone-apple-clock-ios" */ = {
			isa = XCConfigurationList;
			buildConfigurations = (
				3C65E51127B072FF00E79E8C /* Debug */,
				3C65E51227B072FF00E79E8C /* Release */,
			);
			defaultConfigurationIsVisible = 0;
			defaultConfigurationName = Release;
		};
		3C65E51327B072FF00E79E8C /* Build configuration list for PBXNativeTarget "clone-apple-clock-iosTests" */ = {
			isa = XCConfigurationList;
			buildConfigurations = (
				3C65E51427B072FF00E79E8C /* Debug */,
				3C65E51527B072FF00E79E8C /* Release */,
			);
			defaultConfigurationIsVisible = 0;
			defaultConfigurationName = Release;
		};
		3C65E51627B072FF00E79E8C /* Build configuration list for PBXNativeTarget "clone-apple-clock-iosUITests" */ = {
			isa = XCConfigurationList;
			buildConfigurations = (
				3C65E51727B072FF00E79E8C /* Debug */,
				3C65E51827B072FF00E79E8C /* Release */,
			);
			defaultConfigurationIsVisible = 0;
			defaultConfigurationName = Release;
		};
/* End XCConfigurationList section */

/* Begin XCVersionGroup section */
		3C6F5F2927BF30FD005DFE7C /* ClockModel.xcdatamodeld */ = {
			isa = XCVersionGroup;
			children = (
				3C6F5F2A27BF30FD005DFE7C /* ExampleModel.xcdatamodel */,
			);
			currentVersion = 3C6F5F2A27BF30FD005DFE7C /* ExampleModel.xcdatamodel */;
			path = ClockModel.xcdatamodeld;
			sourceTree = "<group>";
			versionGroupType = wrapper.xcdatamodel;
		};
/* End XCVersionGroup section */
	};
	rootObject = 3C65E4DE27B072FE00E79E8C /* Project object */;
}
